<Solution>
  <Project Path="WyrmHold.App/WyrmHold.App.csproj" Id="45efb96d-087b-4d24-8805-eed8a40642ce" />
  <Project Path="WyrmHold.ConsoleApp/WyrmHold.ConsoleApp.csproj" Id="4167a6e0-b1f1-4cb0-a05c-e1152ab8b3d7" />
  <Project Path="WyrmHold.Core/WyrmHold.Core.csproj" Id="b8718bb0-c2fe-4676-a802-15e2815e265d" />
</Solution>
